
Microsoft Visual Studio Solution File, Format Version 12.00
# Visual Studio Version 17
VisualStudioVersion = 17.0.32112.339
MinimumVisualStudioVersion = 10.0.40219.1
Project("{FAE04EC0-301F-11D3-BF4B-00C04F79EFBC}") = "EmployProject", "EmployProject.csproj", "{8F5DA5BD-4DB6-4CFA-B7E1-3465DAC412A6}"
EndProject
Project("{FAE04EC0-301F-11D3-BF4B-00C04F79EFBC}") = "EmployEntity", "..\EmployEntity\EmployEntity.csproj", "{AF17A02D-A23B-40DB-9B82-8963A4EED145}"
EndProject
Project("{FAE04EC0-301F-11D3-BF4B-00C04F79EFBC}") = "EmployDataLayer", "..\EmployDataLayer\EmployDataLayer.csproj", "{741294D1-5113-4887-847C-B3EC7B30701A}"
EndProject
Project("{FAE04EC0-301F-11D3-BF4B-00C04F79EFBC}") = "Exceptions", "..\Exceptions\Exceptions.csproj", "{BD43CE6C-371E-4710-8135-ABB7CBDC0F12}"
EndProject
Project("{FAE04EC0-301F-11D3-BF4B-00C04F79EFBC}") = "EmployBusinessLayer", "..\EmployBusinessLayer\EmployBusinessLayer.csproj", "{B59E99A6-AF8D-4536-8EE2-9C209F72C01F}"
EndProject
Global
	GlobalSection(SolutionConfigurationPlatforms) = preSolution
		Debug|Any CPU = Debug|Any CPU
		Release|Any CPU = Release|Any CPU
	EndGlobalSection
	GlobalSection(ProjectConfigurationPlatforms) = postSolution
		{8F5DA5BD-4DB6-4CFA-B7E1-3465DAC412A6}.Debug|Any CPU.ActiveCfg = Debug|Any CPU
		{8F5DA5BD-4DB6-4CFA-B7E1-3465DAC412A6}.Debug|Any CPU.Build.0 = Debug|Any CPU
		{8F5DA5BD-4DB6-4CFA-B7E1-3465DAC412A6}.Release|Any CPU.ActiveCfg = Release|Any CPU
		{8F5DA5BD-4DB6-4CFA-B7E1-3465DAC412A6}.Release|Any CPU.Build.0 = Release|Any CPU
		{AF17A02D-A23B-40DB-9B82-8963A4EED145}.Debug|Any CPU.ActiveCfg = Debug|Any CPU
		{AF17A02D-A23B-40DB-9B82-8963A4EED145}.Debug|Any CPU.Build.0 = Debug|Any CPU
		{AF17A02D-A23B-40DB-9B82-8963A4EED145}.Release|Any CPU.ActiveCfg = Release|Any CPU
		{AF17A02D-A23B-40DB-9B82-8963A4EED145}.Release|Any CPU.Build.0 = Release|Any CPU
		{741294D1-5113-4887-847C-B3EC7B30701A}.Debug|Any CPU.ActiveCfg = Debug|Any CPU
		{741294D1-5113-4887-847C-B3EC7B30701A}.Debug|Any CPU.Build.0 = Debug|Any CPU
		{741294D1-5113-4887-847C-B3EC7B30701A}.Release|Any CPU.ActiveCfg = Release|Any CPU
		{741294D1-5113-4887-847C-B3EC7B30701A}.Release|Any CPU.Build.0 = Release|Any CPU
		{BD43CE6C-371E-4710-8135-ABB7CBDC0F12}.Debug|Any CPU.ActiveCfg = Debug|Any CPU
		{BD43CE6C-371E-4710-8135-ABB7CBDC0F12}.Debug|Any CPU.Build.0 = Debug|Any CPU
		{BD43CE6C-371E-4710-8135-ABB7CBDC0F12}.Release|Any CPU.ActiveCfg = Release|Any CPU
		{BD43CE6C-371E-4710-8135-ABB7CBDC0F12}.Release|Any CPU.Build.0 = Release|Any CPU
		{B59E99A6-AF8D-4536-8EE2-9C209F72C01F}.Debug|Any CPU.ActiveCfg = Debug|Any CPU
		{B59E99A6-AF8D-4536-8EE2-9C209F72C01F}.Debug|Any CPU.Build.0 = Debug|Any CPU
		{B59E99A6-AF8D-4536-8EE2-9C209F72C01F}.Release|Any CPU.ActiveCfg = Release|Any CPU
		{B59E99A6-AF8D-4536-8EE2-9C209F72C01F}.Release|Any CPU.Build.0 = Release|Any CPU
	EndGlobalSection
	GlobalSection(SolutionProperties) = preSolution
		HideSolutionNode = FALSE
	EndGlobalSection
	GlobalSection(ExtensibilityGlobals) = postSolution
		SolutionGuid = {A83AAC1A-77C2-4142-91B3-BC4EE9C3537C}
	EndGlobalSection
EndGlobal
