
Microsoft Visual Studio Solution File, Format Version 12.00
# Visual Studio Version 17
VisualStudioVersion = 17.0.32112.339
MinimumVisualStudioVersion = 10.0.40219.1
Project("{FAE04EC0-301F-11D3-BF4B-00C04F79EFBC}") = "ExceptionHandling", "ExceptionHandling.csproj", "{1A568FCE-3A09-4C4C-8005-F6535FECBBDE}"
EndProject
Global
	GlobalSection(SolutionConfigurationPlatforms) = preSolution
		Debug|Any CPU = Debug|Any CPU
		Release|Any CPU = Release|Any CPU
	EndGlobalSection
	GlobalSection(ProjectConfigurationPlatforms) = postSolution
		{1A568FCE-3A09-4C4C-8005-F6535FECBBDE}.Debug|Any CPU.ActiveCfg = Debug|Any CPU
		{1A568FCE-3A09-4C4C-8005-F6535FECBBDE}.Debug|Any CPU.Build.0 = Debug|Any CPU
		{1A568FCE-3A09-4C4C-8005-F6535FECBBDE}.Release|Any CPU.ActiveCfg = Release|Any CPU
		{1A568FCE-3A09-4C4C-8005-F6535FECBBDE}.Release|Any CPU.Build.0 = Release|Any CPU
	EndGlobalSection
	GlobalSection(SolutionProperties) = preSolution
		HideSolutionNode = FALSE
	EndGlobalSection
	GlobalSection(ExtensibilityGlobals) = postSolution
		SolutionGuid = {FF85CF36-8AFF-4F01-BC6D-A17538FA5A3A}
	EndGlobalSection
EndGlobal
